
Microsoft Visual Studio Solution File, Format Version 12.00
# Visual Studio Version 17
VisualStudioVersion = 17.13.35919.96
MinimumVisualStudioVersion = 10.0.40219.1
Project("{FAE04EC0-301F-11D3-BF4B-00C04F79EFBC}") = "WebApi", "WebApi\WebApi.csproj", "{3E2EA6DE-A35C-4381-90AB-618C5DE04BF7}"
EndProject
Project("{FAE04EC0-301F-11D3-BF4B-00C04F79EFBC}") = "Data", "Data\Data.csproj", "{AFA9EE14-65A1-48A7-A470-CA8971A0573C}"
EndProject
Project("{FAE04EC0-301F-11D3-BF4B-00C04F79EFBC}") = "Business", "Business\Business.csproj", "{D597902A-4973-45EB-8A78-FDC30B76010E}"
EndProject
Project("{FAE04EC0-301F-11D3-BF4B-00C04F79EFBC}") = "Domain", "Domain\Domain.csproj", "{89E922F0-BE70-4CF7-B947-B730B462342E}"
EndProject
Global
	GlobalSection(SolutionConfigurationPlatforms) = preSolution
		Debug|Any CPU = Debug|Any CPU
		Release|Any CPU = Release|Any CPU
	EndGlobalSection
	GlobalSection(ProjectConfigurationPlatforms) = postSolution
		{3E2EA6DE-A35C-4381-90AB-618C5DE04BF7}.Debug|Any CPU.ActiveCfg = Debug|Any CPU
		{3E2EA6DE-A35C-4381-90AB-618C5DE04BF7}.Debug|Any CPU.Build.0 = Debug|Any CPU
		{3E2EA6DE-A35C-4381-90AB-618C5DE04BF7}.Release|Any CPU.ActiveCfg = Release|Any CPU
		{3E2EA6DE-A35C-4381-90AB-618C5DE04BF7}.Release|Any CPU.Build.0 = Release|Any CPU
		{AFA9EE14-65A1-48A7-A470-CA8971A0573C}.Debug|Any CPU.ActiveCfg = Debug|Any CPU
		{AFA9EE14-65A1-48A7-A470-CA8971A0573C}.Debug|Any CPU.Build.0 = Debug|Any CPU
		{AFA9EE14-65A1-48A7-A470-CA8971A0573C}.Release|Any CPU.ActiveCfg = Release|Any CPU
		{AFA9EE14-65A1-48A7-A470-CA8971A0573C}.Release|Any CPU.Build.0 = Release|Any CPU
		{D597902A-4973-45EB-8A78-FDC30B76010E}.Debug|Any CPU.ActiveCfg = Debug|Any CPU
		{D597902A-4973-45EB-8A78-FDC30B76010E}.Debug|Any CPU.Build.0 = Debug|Any CPU
		{D597902A-4973-45EB-8A78-FDC30B76010E}.Release|Any CPU.ActiveCfg = Release|Any CPU
		{D597902A-4973-45EB-8A78-FDC30B76010E}.Release|Any CPU.Build.0 = Release|Any CPU
		{89E922F0-BE70-4CF7-B947-B730B462342E}.Debug|Any CPU.ActiveCfg = Debug|Any CPU
		{89E922F0-BE70-4CF7-B947-B730B462342E}.Debug|Any CPU.Build.0 = Debug|Any CPU
		{89E922F0-BE70-4CF7-B947-B730B462342E}.Release|Any CPU.ActiveCfg = Release|Any CPU
		{89E922F0-BE70-4CF7-B947-B730B462342E}.Release|Any CPU.Build.0 = Release|Any CPU
	EndGlobalSection
	GlobalSection(SolutionProperties) = preSolution
		HideSolutionNode = FALSE
	EndGlobalSection
	GlobalSection(ExtensibilityGlobals) = postSolution
		SolutionGuid = {AA9EBAD0-3E47-4F55-BECD-2480F6F1D0DD}
	EndGlobalSection
EndGlobal
